# This file is automatically @generated by Cargo.
# It is not intended for manual editing.
version = 4

[[package]]
name = "allocator-api2"
version = "0.2.21"
source = "registry+https://github.com/rust-lang/crates.io-index"
checksum = "683d7910e743518b0e34f1186f92494becacb047c7b6bf616c96772180fef923"

[[package]]
name = "anstream"
version = "1.0.0"
source = "registry+https://github.com/rust-lang/crates.io-index"
checksum = "824a212faf96e9acacdbd09febd34438f8f711fb84e09a8916013cd7815ca28d"
dependencies = [
 "anstyle",
 "anstyle-parse",
 "anstyle-query",
 "anstyle-wincon",
 "colorchoice",
 "is_terminal_polyfill",
 "utf8parse",
]

[[package]]
name = "anstyle"
version = "1.0.14"
source = "registry+https://github.com/rust-lang/crates.io-index"
checksum = "940b3a0ca603d1eade50a4846a2afffd5ef57a9feac2c0e2ec2e14f9ead76000"

[[package]]
name = "anstyle-parse"
version = "1.0.0"
source = "registry+https://github.com/rust-lang/crates.io-index"
checksum = "52ce7f38b242319f7cabaa6813055467063ecdc9d355bbb4ce0c68908cd8130e"
dependencies = [
 "utf8parse",
]

[[package]]
name = "anstyle-query"
version = "1.1.5"
source = "registry+https://github.com/rust-lang/crates.io-index"
checksum = "40c48f72fd53cd289104fc64099abca73db4166ad86ea0b4341abe65af83dadc"
dependencies = [
 "windows-sys",
]

[[package]]
name = "anstyle-wincon"
version = "3.0.11"
source = "registry+https://github.com/rust-lang/crates.io-index"
checksum = "291e6a250ff86cd4a820112fb8898808a366d8f9f58ce16d1f538353ad55747d"
dependencies = [
 "anstyle",
 "once_cell_polyfill",
 "windows-sys",
]

[[package]]
name = "anyhow"
version = "1.0.104"
source = "registry+https://github.com/rust-lang/crates.io-index"
checksum = "330a5ed07fa54e4702c9d6c4174f74427fc0ef6e214bbd677ae50a5099946470"

[[package]]
name = "bitflags"
version = "2.13.1"
source = "registry+https://github.com/rust-lang/crates.io-index"
checksum = "b588b76d00fde79687d7646a9b5bdf3cc0f655e0bbd080335a95d7e96f3587da"

[[package]]
name = "bytemuck"
version = "1.25.2"
source = "registry+https://github.com/rust-lang/crates.io-index"
checksum = "95832e849adfb21180ccb6826a99da14e5d266ae5c2e668e1602cf234f153797"
dependencies = [
 "bytemuck_derive",
]

[[package]]
name = "bytemuck_derive"
version = "1.12.0"
source = "registry+https://github.com/rust-lang/crates.io-index"
checksum = "fc0e56a716f1e132ff6bf4bdac1c944a3fcdc1cae65f70a4a2a1ac3b401d2d1f"
dependencies = [
 "proc-macro2",
 "quote",
 "syn",
]

[[package]]
name = "calloop"
version = "0.14.4"
source = "registry+https://github.com/rust-lang/crates.io-index"
checksum = "4dbf9978365bac10f54d1d4b04f7ce4427e51f71d61f2fe15e3fed5166474df7"
dependencies = [
 "bitflags",
 "polling",
 "rustix",
 "slab",
 "tracing",
]

[[package]]
name = "calloop-wayland-source"
version = "0.4.1"
source = "registry+https://github.com/rust-lang/crates.io-index"
checksum = "138efcf0940a02ebf0cc8d1eff41a1682a46b431630f4c52450d6265876021fa"
dependencies = [
 "calloop",
 "rustix",
 "wayland-backend",
 "wayland-client",
]

[[package]]
name = "cc"
version = "1.4.2"
source = "registry+https://github.com/rust-lang/crates.io-index"
checksum = "5d262e149917187838d5b42777c8253bcb64500067342904e7d429499a6f277e"
dependencies = [
 "find-msvc-tools",
 "shlex",
]

[[package]]
name = "cfg-if"
version = "1.0.4"
source = "registry+https://github.com/rust-lang/crates.io-index"
checksum = "9330f8b2ff13f34540b44e946ef35111825727b38d33286ef986142615121801"

[[package]]
name = "clap"
version = "4.6.6"
source = "registry+https://github.com/rust-lang/crates.io-index"
checksum = "473c7e07f409a8d772161724aa8db6a765a2532a70f9667eeb7b49d3d02fbdca"
dependencies = [
 "clap_builder",
 "clap_derive",
]

[[package]]
name = "clap_builder"
version = "4.6.6"
source = "registry+https://github.com/rust-lang/crates.io-index"
checksum = "7b48fea5a88e9ae728a2dcbedbfc0e730f7d60da42e1cb049a83c9fb8b789889"
dependencies = [
 "anstream",
 "anstyle",
 "clap_lex",
 "strsim",
]

[[package]]
name = "clap_complete"
version = "4.6.9"
source = "registry+https://github.com/rust-lang/crates.io-index"
checksum = "3be2ad0423bdbbb0e25bc89add796f3559706d4a95e1bc98e4d9662a957b6a19"
dependencies = [
 "clap",
]

[[package]]
name = "clap_derive"
version = "4.6.4"
source = "registry+https://github.com/rust-lang/crates.io-index"
checksum = "d012d2b9d65aca7f18f4d9878a045bc17899bba951561ba5ec3c2ba1eed9a061"
dependencies = [
 "heck",
 "proc-macro2",
 "quote",
 "syn",
]

[[package]]
name = "clap_lex"
version = "1.1.0"
source = "registry+https://github.com/rust-lang/crates.io-index"
checksum = "c8d4a3bb8b1e0c1050499d1815f5ab16d04f0959b233085fb31653fbfc9d98f9"

[[package]]
name = "colorchoice"
version = "1.0.5"
source = "registry+https://github.com/rust-lang/crates.io-index"
checksum = "1d07550c9036bf2ae0c684c4297d503f838287c83c53686d05370d0e139ae570"

[[package]]
name = "concurrent-queue"
version = "2.5.0"
source = "registry+https://github.com/rust-lang/crates.io-index"
checksum = "4ca0197aee26d1ae37445ee532fefce43251d24cc7c166799f4d46817f1d3973"
dependencies = [
 "crossbeam-utils",
]

[[package]]
name = "core_maths"
version = "0.1.1"
source = "registry+https://github.com/rust-lang/crates.io-index"
checksum = "77745e017f5edba1a9c1d854f6f3a52dac8a12dd5af5d2f54aecf61e43d80d30"
dependencies = [
 "libm",
]

[[package]]
name = "crossbeam-utils"
version = "0.8.22"
source = "registry+https://github.com/rust-lang/crates.io-index"
checksum = "61803da095bee82a81bb1a452ecc25d3b2f1416d1897eb86430c6159ef717c17"

[[package]]
name = "cursor-icon"
version = "1.2.0"
source = "registry+https://github.com/rust-lang/crates.io-index"
checksum = "f27ae1dd37df86211c42e150270f82743308803d90a6f6e6651cd730d5e1732f"

[[package]]
name = "downcast-rs"
version = "1.2.1"
source = "registry+https://github.com/rust-lang/crates.io-index"
checksum = "75b325c5dbd37f80359721ad39aca5a29fb04c89279657cffdda8736d0c0b9d2"

[[package]]
name = "equivalent"
version = "1.0.2"
source = "registry+https://github.com/rust-lang/crates.io-index"
checksum = "877a4ace8713b0bcf2a4e7eec82529c029f1d0619886d18145fea96c3ffe5c0f"

[[package]]
name = "errno"
version = "0.3.14"
source = "registry+https://github.com/rust-lang/crates.io-index"
checksum = "39cab71617ae0d63f51a36d69f866391735b51691dbda63cf6f96d042b63efeb"
dependencies = [
 "libc",
 "windows-sys",
]

[[package]]
name = "find-msvc-tools"
version = "0.1.10"
source = "registry+https://github.com/rust-lang/crates.io-index"
checksum = "26b73573e6edcd2af0cdf47bd6cb58f0b3839491263c314eaad1ccf24430e1de"

[[package]]
name = "foldhash"
version = "0.1.5"
source = "registry+https://github.com/rust-lang/crates.io-index"
checksum = "d9c4f5dac5e15c24eb999c26181a6ca40b39fe946cbe4c263c7209467bc83af2"

[[package]]
name = "fontdue"
version = "0.9.4"
source = "registry+https://github.com/rust-lang/crates.io-index"
checksum = "7894823fa221401399e2598f8b63f81ac77ff5c63248b7656779bff1632d7d3d"
dependencies = [
 "hashbrown",
 "ttf-parser",
]

[[package]]
name = "fs2"
version = "0.4.3"
source = "registry+https://github.com/rust-lang/crates.io-index"
checksum = "9564fc758e15025b46aa6643b1b77d047d1a56a1aea6e01002ac0c7026876213"
dependencies = [
 "libc",
 "winapi",
]

[[package]]
name = "hashbrown"
version = "0.15.5"
source = "registry+https://github.com/rust-lang/crates.io-index"
checksum = "9229cfe53dfd69f0609a49f65461bd93001ea1ef889cd5529dd176593f5338a1"
dependencies = [
 "allocator-api2",
 "equivalent",
 "foldhash",
]

[[package]]
name = "heck"
version = "0.5.0"
source = "registry+https://github.com/rust-lang/crates.io-index"
checksum = "2304e00983f87ffb38b55b444b5e3b60a884b5d30c0fca7d82fe33449bbe55ea"

[[package]]
name = "hermit-abi"
version = "0.5.2"
source = "registry+https://github.com/rust-lang/crates.io-index"
checksum = "fc0fef456e4baa96da950455cd02c081ca953b141298e41db3fc7e36b1da849c"

[[package]]
name = "is_terminal_polyfill"
version = "1.70.2"
source = "registry+https://github.com/rust-lang/crates.io-index"
checksum = "a6cb138bb79a146c1bd460005623e142ef0181e3d0219cb493e02f7d08a35695"

[[package]]
name = "libc"
version = "0.2.189"
source = "registry+https://github.com/rust-lang/crates.io-index"
checksum = "3eaf3ede3fee6db1a4c2ee091bf8a8b4dccdc6d17f656fb07896ee72867612f2"

[[package]]
name = "libm"
version = "0.2.16"
source = "registry+https://github.com/rust-lang/crates.io-index"
checksum = "b6d2cec3eae94f9f509c767b45932f1ada8350c4bdb85af2fcab4a3c14807981"

[[package]]
name = "linux-raw-sys"
version = "0.12.1"
source = "registry+https://github.com/rust-lang/crates.io-index"
checksum = "32a66949e030da00e8c7d4434b251670a91556f4144941d37452769c25d58a53"

[[package]]
name = "log"
version = "0.4.33"
source = "registry+https://github.com/rust-lang/crates.io-index"
checksum = "0ceec5bc11778974d1bcb055b18002eba7f4b3518b6a0081b3af5f21666da9ad"

[[package]]
name = "memchr"
version = "2.8.3"
source = "registry+https://github.com/rust-lang/crates.io-index"
checksum = "cf8baf1c55e62ffcace7a9f06f4bd9cd3f0c4beb022d3b367256b91b87513d98"

[[package]]
name = "memmap2"
version = "0.9.11"
source = "registry+https://github.com/rust-lang/crates.io-index"
checksum = "d1219ed1b7f229ee7104d281dd01d6802fe28bb6e95d292942c4daacdeb798c0"
dependencies = [
 "libc",
]

[[package]]
name = "omarchy-launch-screensaver"
version = "0.1.0"
dependencies = [
 "anyhow",
 "clap",
 "fontdue",
 "fs2",
 "signal-hook",
 "smithay-client-toolkit",
 "ttfx",
 "wayland-client",
]

[[package]]
name = "once_cell_polyfill"
version = "1.70.2"
source = "registry+https://github.com/rust-lang/crates.io-index"
checksum = "384b8ab6d37215f3c5301a95a4accb5d64aa607f1fcb26a11b5303878451b4fe"

[[package]]
name = "pin-project-lite"
version = "0.2.17"
source = "registry+https://github.com/rust-lang/crates.io-index"
checksum = "a89322df9ebe1c1578d689c92318e070967d1042b512afbe49518723f4e6d5cd"

[[package]]
name = "pkg-config"
version = "0.3.33"
source = "registry+https://github.com/rust-lang/crates.io-index"
checksum = "19f132c84eca552bf34cab8ec81f1c1dcc229b811638f9d283dceabe58c5569e"

[[package]]
name = "polling"
version = "3.11.0"
source = "registry+https://github.com/rust-lang/crates.io-index"
checksum = "5d0e4f59085d47d8241c88ead0f274e8a0cb551f3625263c05eb8dd897c34218"
dependencies = [
 "cfg-if",
 "concurrent-queue",
 "hermit-abi",
 "pin-project-lite",
 "rustix",
 "windows-sys",
]

[[package]]
name = "proc-macro2"
version = "1.0.107"
source = "registry+https://github.com/rust-lang/crates.io-index"
checksum = "985e7ec9bb745e6ce6535b544d84d6cd6f7ad8bd711c398938ae983b91a766d9"
dependencies = [
 "unicode-ident",
]

[[package]]
name = "quick-xml"
version = "0.41.0"
source = "registry+https://github.com/rust-lang/crates.io-index"
checksum = "e660451e55124f798a69a5af3f49ccfbefbd41910eefd25caf2393e1f3473ec1"
dependencies = [
 "memchr",
]

[[package]]
name = "quote"
version = "1.0.47"
source = "registry+https://github.com/rust-lang/crates.io-index"
checksum = "1fbf4db142a473a8d80c26bbf18454ed458bf8d26c8219c331daecfdbd079001"
dependencies = [
 "proc-macro2",
]

[[package]]
name = "rustix"
version = "1.1.4"
source = "registry+https://github.com/rust-lang/crates.io-index"
checksum = "b6fe4565b9518b83ef4f91bb47ce29620ca828bd32cb7e408f0062e9930ba190"
dependencies = [
 "bitflags",
 "errno",
 "libc",
 "linux-raw-sys",
 "windows-sys",
]

[[package]]
name = "shlex"
version = "2.0.1"
source = "registry+https://github.com/rust-lang/crates.io-index"
checksum = "f8fadd59c855ef2080decdef8ff161eb6661b86933c9d82e5ba29dc602a55aba"

[[package]]
name = "signal-hook"
version = "0.3.18"
source = "registry+https://github.com/rust-lang/crates.io-index"
checksum = "d881a16cf4426aa584979d30bd82cb33429027e42122b169753d6ef1085ed6e2"
dependencies = [
 "libc",
 "signal-hook-registry",
]

[[package]]
name = "signal-hook-registry"
version = "1.4.8"
source = "registry+https://github.com/rust-lang/crates.io-index"
checksum = "c4db69cba1110affc0e9f7bcd48bbf87b3f4fc7c61fc9155afd4c469eb3d6c1b"
dependencies = [
 "errno",
 "libc",
]

[[package]]
name = "slab"
version = "0.4.12"
source = "registry+https://github.com/rust-lang/crates.io-index"
checksum = "0c790de23124f9ab44544d7ac05d60440adc586479ce501c1d6d7da3cd8c9cf5"

[[package]]
name = "smallvec"
version = "1.15.2"
source = "registry+https://github.com/rust-lang/crates.io-index"
checksum = "8ed6a63f02c8539c91a8685a86f4099661ba3da017932f6ebbea6de3f0fa7c90"

[[package]]
name = "smithay-client-toolkit"
version = "0.21.1"
source = "registry+https://github.com/rust-lang/crates.io-index"
checksum = "74dc9ee14b0fdcb535f9556141bacac070c994a977d2240ee455d7438a617f00"
dependencies = [
 "bitflags",
 "bytemuck",
 "calloop",
 "calloop-wayland-source",
 "cursor-icon",
 "log",
 "memmap2",
 "pkg-config",
 "rustix",
 "thiserror",
 "wayland-client",
 "wayland-csd-frame",
 "wayland-cursor",
 "wayland-protocols",
 "wayland-protocols-experimental",
 "wayland-protocols-misc",
 "wayland-protocols-wlr",
 "wayland-scanner",
 "xkbcommon",
 "xkeysym",
]

[[package]]
name = "strsim"
version = "0.11.1"
source = "registry+https://github.com/rust-lang/crates.io-index"
checksum = "7da8b5736845d9f2fcb837ea5d9e2628564b3b043a70948a3f0b778838c5fb4f"

[[package]]
name = "syn"
version = "3.0.3"
source = "registry+https://github.com/rust-lang/crates.io-index"
checksum = "53e9bae58849f64dfa4f5d5ae372c8341f7305f82a3868709269343628b659a3"
dependencies = [
 "proc-macro2",
 "quote",
 "unicode-ident",
]

[[package]]
name = "terminal_size"
version = "0.4.4"
source = "registry+https://github.com/rust-lang/crates.io-index"
checksum = "230a1b821ccbd75b185820a1f1ff7b14d21da1e442e22c0863ea5f08771a8874"
dependencies = [
 "rustix",
 "windows-sys",
]

[[package]]
name = "thiserror"
version = "2.0.20"
source = "registry+https://github.com/rust-lang/crates.io-index"
checksum = "ec86235f5fcc2a73650310756d2ac5b138a5780bbbdfae3eeccec992c435ba4f"
dependencies = [
 "thiserror-impl",
]

[[package]]
name = "thiserror-impl"
version = "2.0.20"
source = "registry+https://github.com/rust-lang/crates.io-index"
checksum = "bc04cd3e1236dd4a98afca4569f2deb3f120e5422a4023be2cb683f8486292af"
dependencies = [
 "proc-macro2",
 "quote",
 "syn",
]

[[package]]
name = "tracing"
version = "0.1.44"
source = "registry+https://github.com/rust-lang/crates.io-index"
checksum = "63e71662fa4b2a2c3a26f570f037eb95bb1f85397f3cd8076caed2f026a6d100"
dependencies = [
 "log",
 "pin-project-lite",
 "tracing-core",
]

[[package]]
name = "tracing-core"
version = "0.1.36"
source = "registry+https://github.com/rust-lang/crates.io-index"
checksum = "db97caf9d906fbde555dd62fa95ddba9eecfd14cb388e4f491a66d74cd5fb79a"

[[package]]
name = "ttf-parser"
version = "0.25.1"
source = "registry+https://github.com/rust-lang/crates.io-index"
checksum = "d2df906b07856748fa3f6e0ad0cbaa047052d4a7dd609e231c4f72cee8c36f31"
dependencies = [
 "core_maths",
]

[[package]]
name = "ttfx"
version = "0.3.1"
source = "git+https://github.com/omacom-io/ttfx#6e24dac78e3011d89bd7ff24d1ad91dd89e11d8a"
dependencies = [
 "clap",
 "clap_complete",
 "terminal_size",
]

[[package]]
name = "unicode-ident"
version = "1.0.24"
source = "registry+https://github.com/rust-lang/crates.io-index"
checksum = "e6e4313cd5fcd3dad5cafa179702e2b244f760991f45397d14d4ebf38247da75"

[[package]]
name = "utf8parse"
version = "0.2.2"
source = "registry+https://github.com/rust-lang/crates.io-index"
checksum = "06abde3611657adf66d383f00b093d7faecc7fa57071cce2578660c9f1010821"

[[package]]
name = "wayland-backend"
version = "0.3.16"
source = "registry+https://github.com/rust-lang/crates.io-index"
checksum = "016ccf01d1c58b6f8999612813e17c9b2390f7d70671428869913310f83f54b8"
dependencies = [
 "cc",
 "downcast-rs",
 "rustix",
 "smallvec",
 "wayland-sys",
]

[[package]]
name = "wayland-client"
version = "0.31.15"
source = "registry+https://github.com/rust-lang/crates.io-index"
checksum = "e3c36a0f861ad76d0901f2800b46321410d9f73f2ea88aac0650d86c32688073"
dependencies = [
 "bitflags",
 "rustix",
 "wayland-backend",
 "wayland-scanner",
]

[[package]]
name = "wayland-csd-frame"
version = "0.3.0"
source = "registry+https://github.com/rust-lang/crates.io-index"
checksum = "625c5029dbd43d25e6aa9615e88b829a5cad13b2819c4ae129fdbb7c31ab4c7e"
dependencies = [
 "bitflags",
 "cursor-icon",
 "wayland-backend",
]

[[package]]
name = "wayland-cursor"
version = "0.31.14"
source = "registry+https://github.com/rust-lang/crates.io-index"
checksum = "4a52d18780be9b1314328a3de5f930b73d2200112e3849ca6cb11822793fb34d"
dependencies = [
 "rustix",
 "wayland-client",
 "xcursor",
]

[[package]]
name = "wayland-protocols"
version = "0.32.13"
source = "registry+https://github.com/rust-lang/crates.io-index"
checksum = "23d0c813de3daa2ed6520af85a3bd49b0e722a3078506899aa9686fea58dc4b6"
dependencies = [
 "bitflags",
 "wayland-backend",
 "wayland-client",
 "wayland-scanner",
]

[[package]]
name = "wayland-protocols-experimental"
version = "20251230.0.3"
source = "registry+https://github.com/rust-lang/crates.io-index"
checksum = "91c6c3e7178e553d093d46999032bc79aafea9dedd71dd702c8ace7bbc25cf13"
dependencies = [
 "bitflags",
 "wayland-backend",
 "wayland-client",
 "wayland-protocols",
 "wayland-scanner",
]

[[package]]
name = "wayland-protocols-misc"
version = "0.3.12"
source = "registry+https://github.com/rust-lang/crates.io-index"
checksum = "6e9567599ef23e09b8dad6e429e5738d4509dfc46b3b21f32841a304d16b29c8"
dependencies = [
 "bitflags",
 "wayland-backend",
 "wayland-client",
 "wayland-protocols",
 "wayland-scanner",
]

[[package]]
name = "wayland-protocols-wlr"
version = "0.3.12"
source = "registry+https://github.com/rust-lang/crates.io-index"
checksum = "eb04e52f7836d7c7976c78ca0250d61e33873c34156a2a1fc9474828ec268234"
dependencies = [
 "bitflags",
 "wayland-backend",
 "wayland-client",
 "wayland-protocols",
 "wayland-scanner",
]

[[package]]
name = "wayland-scanner"
version = "0.31.11"
source = "registry+https://github.com/rust-lang/crates.io-index"
checksum = "338e30461b3a2b67d70eb30a6d89f8e0c93a833e07d2ae89085cd070c4a00ac0"
dependencies = [
 "proc-macro2",
 "quick-xml",
 "quote",
]

[[package]]
name = "wayland-sys"
version = "0.31.11"
source = "registry+https://github.com/rust-lang/crates.io-index"
checksum = "d8eab23fefc9e41f8e841df4a9c707e8a8c4ed26e944ef69297184de2785e3be"
dependencies = [
 "pkg-config",
]

[[package]]
name = "winapi"
version = "0.3.9"
source = "registry+https://github.com/rust-lang/crates.io-index"
checksum = "5c839a674fcd7a98952e593242ea400abe93992746761e38641405d28b00f419"
dependencies = [
 "winapi-i686-pc-windows-gnu",
 "winapi-x86_64-pc-windows-gnu",
]

[[package]]
name = "winapi-i686-pc-windows-gnu"
version = "0.4.0"
source = "registry+https://github.com/rust-lang/crates.io-index"
checksum = "ac3b87c63620426dd9b991e5ce0329eff545bccbbb34f3be09ff6fb6ab51b7b6"

[[package]]
name = "winapi-x86_64-pc-windows-gnu"
version = "0.4.0"
source = "registry+https://github.com/rust-lang/crates.io-index"
checksum = "712e227841d057c1ee1cd2fb22fa7e5a5461ae8e48fa2ca79ec42cfc1931183f"

[[package]]
name = "windows-link"
version = "0.2.1"
source = "registry+https://github.com/rust-lang/crates.io-index"
checksum = "f0805222e57f7521d6a62e36fa9163bc891acd422f971defe97d64e70d0a4fe5"

[[package]]
name = "windows-sys"
version = "0.61.2"
source = "registry+https://github.com/rust-lang/crates.io-index"
checksum = "ae137229bcbd6cdf0f7b80a31df61766145077ddf49416a728b02cb3921ff3fc"
dependencies = [
 "windows-link",
]

[[package]]
name = "xcursor"
version = "0.3.11"
source = "registry+https://github.com/rust-lang/crates.io-index"
checksum = "163b33ed8786455e2fa5d72f554057ce3f3182425434f756cd39c99839d88e23"

[[package]]
name = "xkbcommon"
version = "0.8.0"
source = "registry+https://github.com/rust-lang/crates.io-index"
checksum = "8d66ca9352cbd4eecbbc40871d8a11b4ac8107cfc528a6e14d7c19c69d0e1ac9"
dependencies = [
 "libc",
 "memmap2",
 "xkeysym",
]

[[package]]
name = "xkeysym"
version = "0.2.1"
source = "registry+https://github.com/rust-lang/crates.io-index"
checksum = "b9cc00251562a284751c9973bace760d86c0276c471b4be569fe6b068ee97a56"
dependencies = [
 "bytemuck",
]
